{
  "name": "game-map-of-me",
  "version": "1.0.0",
  "lockfileVersion": 2,
  "requires": true,
  "packages": {
    "": {
      "name": "game-map-of-me",
      "version": "1.0.0",
      "license": "ISC",
      "dependencies": {
        "chart.js": "^4.4.0",
        "dompurify": "^3.0.5",
        "smooth-scrollbar": "^8.8.4",
        "validator": "^13.11.0"
      }
    },
    "node_modules/@kurkle/color": {
      "version": "0.3.2",
      "resolved": "https://registry.npmjs.org/@kurkle/color/-/color-0.3.2.tgz",
      "integrity": "sha512-fuscdXJ9G1qb7W8VdHi+IwRqij3lBkosAm4ydQtEmbY58OzHXqQhvlxqEkoz0yssNVn38bcpRWgA9PP+OGoisw=="
    },
    "node_modules/chart.js": {
      "version": "4.4.0",
      "resolved": "https://registry.npmjs.org/chart.js/-/chart.js-4.4.0.tgz",
      "integrity": "sha512-vQEj6d+z0dcsKLlQvbKIMYFHd3t8W/7L2vfJIbYcfyPcRx92CsHqECpueN8qVGNlKyDcr5wBrYAYKnfu/9Q1hQ==",
      "dependencies": {
        "@kurkle/color": "^0.3.0"
      },
      "engines": {
        "pnpm": ">=7"
      }
    },
    "node_modules/core-js": {
      "version": "3.32.1",
      "resolved": "https://registry.npmjs.org/core-js/-/core-js-3.32.1.tgz",
      "integrity": "sha512-lqufgNn9NLnESg5mQeYsxQP5w7wrViSj0jr/kv6ECQiByzQkrn1MKvV0L3acttpDqfQrHLwr2KCMgX5b8X+lyQ==",
      "hasInstallScript": true,
      "funding": {
        "type": "opencollective",
        "url": "https://opencollective.com/core-js"
      }
    },
    "node_modules/dompurify": {
      "version": "3.0.5",
      "resolved": "https://registry.npmjs.org/dompurify/-/dompurify-3.0.5.tgz",
      "integrity": "sha512-F9e6wPGtY+8KNMRAVfxeCOHU0/NPWMSENNq4pQctuXRqqdEPW7q3CrLbR5Nse044WwacyjHGOMlvNsBe1y6z9A=="
    },
    "node_modules/smooth-scrollbar": {
      "version": "8.8.4",
      "resolved": "https://registry.npmjs.org/smooth-scrollbar/-/smooth-scrollbar-8.8.4.tgz",
      "integrity": "sha512-Wn2Q/iE+PE1ef4EfhFMhgaIMfSrjJl2LalRu0hBWSrw5nZKGsUIjWFWHnLB/Lpx7N+a1pJH6+wkQzBr+5nWPUg==",
      "dependencies": {
        "core-js": "^3.6.4",
        "tslib": "^1.10.0"
      }
    },
    "node_modules/tslib": {
      "version": "1.14.1",
      "resolved": "https://registry.npmjs.org/tslib/-/tslib-1.14.1.tgz",
      "integrity": "sha512-Xni35NKzjgMrwevysHTCArtLDpPvye8zV/0E4EyYn43P7/7qvQwPh9BGkHewbMulVntbigmcT7rdX3BNo9wRJg=="
    },
    "node_modules/validator": {
      "version": "13.11.0",
      "resolved": "https://registry.npmjs.org/validator/-/validator-13.11.0.tgz",
      "integrity": "sha512-Ii+sehpSfZy+At5nPdnyMhx78fEoPDkR2XW/zimHEL3MyGJQOCQ7WeP20jPYRz7ZCpcKLB21NxuXHF3bxjStBQ==",
      "engines": {
        "node": ">= 0.10"
      }
    }
  },
  "dependencies": {
    "@kurkle/color": {
      "version": "0.3.2",
      "resolved": "https://registry.npmjs.org/@kurkle/color/-/color-0.3.2.tgz",
      "integrity": "sha512-fuscdXJ9G1qb7W8VdHi+IwRqij3lBkosAm4ydQtEmbY58OzHXqQhvlxqEkoz0yssNVn38bcpRWgA9PP+OGoisw=="
    },
    "chart.js": {
      "version": "4.4.0",
      "resolved": "https://registry.npmjs.org/chart.js/-/chart.js-4.4.0.tgz",
      "integrity": "sha512-vQEj6d+z0dcsKLlQvbKIMYFHd3t8W/7L2vfJIbYcfyPcRx92CsHqECpueN8qVGNlKyDcr5wBrYAYKnfu/9Q1hQ==",
      "requires": {
        "@kurkle/color": "^0.3.0"
      }
    },
    "core-js": {
      "version": "3.32.1",
      "resolved": "https://registry.npmjs.org/core-js/-/core-js-3.32.1.tgz",
      "integrity": "sha512-lqufgNn9NLnESg5mQeYsxQP5w7wrViSj0jr/kv6ECQiByzQkrn1MKvV0L3acttpDqfQrHLwr2KCMgX5b8X+lyQ=="
    },
    "dompurify": {
      "version": "3.0.5",
      "resolved": "https://registry.npmjs.org/dompurify/-/dompurify-3.0.5.tgz",
      "integrity": "sha512-F9e6wPGtY+8KNMRAVfxeCOHU0/NPWMSENNq4pQctuXRqqdEPW7q3CrLbR5Nse044WwacyjHGOMlvNsBe1y6z9A=="
    },
    "smooth-scrollbar": {
      "version": "8.8.4",
      "resolved": "https://registry.npmjs.org/smooth-scrollbar/-/smooth-scrollbar-8.8.4.tgz",
      "integrity": "sha512-Wn2Q/iE+PE1ef4EfhFMhgaIMfSrjJl2LalRu0hBWSrw5nZKGsUIjWFWHnLB/Lpx7N+a1pJH6+wkQzBr+5nWPUg==",
      "requires": {
        "core-js": "^3.6.4",
        "tslib": "^1.10.0"
      }
    },
    "tslib": {
      "version": "1.14.1",
      "resolved": "https://registry.npmjs.org/tslib/-/tslib-1.14.1.tgz",
      "integrity": "sha512-Xni35NKzjgMrwevysHTCArtLDpPvye8zV/0E4EyYn43P7/7qvQwPh9BGkHewbMulVntbigmcT7rdX3BNo9wRJg=="
    },
    "validator": {
      "version": "13.11.0",
      "resolved": "https://registry.npmjs.org/validator/-/validator-13.11.0.tgz",
      "integrity": "sha512-Ii+sehpSfZy+At5nPdnyMhx78fEoPDkR2XW/zimHEL3MyGJQOCQ7WeP20jPYRz7ZCpcKLB21NxuXHF3bxjStBQ=="
    }
  }
}
